
Microsoft Visual Studio Solution File, Format Version 12.00
# Visual Studio 15
VisualStudioVersion = 15.0.28010.2026
MinimumVisualStudioVersion = 10.0.40219.1
Project("{FAE04EC0-301F-11D3-BF4B-00C04F79EFBC}") = "ApothAudioTools", "ApothAudioTools\ApothAudioTools.csproj", "{366191C1-AE82-4082-87CE-67B6662CA0AB}"
EndProject
Project("{FAE04EC0-301F-11D3-BF4B-00C04F79EFBC}") = "YoutubeExtractor", "YoutubeExtractor\YoutubeExtractor\YoutubeExtractor\YoutubeExtractor.csproj", "{ECDC127F-8DEF-4F99-8300-72C13597339D}"
EndProject
Project("{FAE04EC0-301F-11D3-BF4B-00C04F79EFBC}") = "ID3Tagging", "ID3Tagging\ID3Tagging.csproj", "{37161804-A233-4F40-BEC7-5BE51FBEF91E}"
EndProject
Project("{FAE04EC0-301F-11D3-BF4B-00C04F79EFBC}") = "Id3.Net", "..\ID3.Net\Id3.Net\Id3.Net.csproj", "{1072DDE5-BFEB-4E85-BF9F-46D1B214D596}"
EndProject
Project("{FAE04EC0-301F-11D3-BF4B-00C04F79EFBC}") = "Id3.Net.Info", "..\ID3.Net\Id3.Net.Info\Id3.Net.Info.csproj", "{051B7CF5-93E7-4778-A132-D458A0D10133}"
EndProject
Project("{FAE04EC0-301F-11D3-BF4B-00C04F79EFBC}") = "Id3.Net.Info.Tests", "..\ID3.Net\Id3.Net.Info.Tests\Id3.Net.Info.Tests.csproj", "{5FE9DAC5-47F5-464F-9D4C-E274871CFAFD}"
EndProject
Project("{FAE04EC0-301F-11D3-BF4B-00C04F79EFBC}") = "Id3.Net.Tests", "..\ID3.Net\Id3.Net.Tests\Id3.Net.Tests.csproj", "{1D508147-3404-4EAE-95E4-421AB210CC18}"
EndProject
Project("{FAE04EC0-301F-11D3-BF4B-00C04F79EFBC}") = "Id3.Net.WinForms", "..\ID3.Net\Id3.Net.WinForms\Id3.Net.WinForms.csproj", "{72E9392F-D4FF-40BD-B1AC-318EC1F15F72}"
EndProject
Project("{FAE04EC0-301F-11D3-BF4B-00C04F79EFBC}") = "Id3.Net.Wpf", "..\ID3.Net\Id3.Net.Wpf\Id3.Net.Wpf.csproj", "{3F2AE2E1-3101-4998-BC94-8E84756BA2EF}"
EndProject
Global
	GlobalSection(SolutionConfigurationPlatforms) = preSolution
		Debug|Any CPU = Debug|Any CPU
		Release|Any CPU = Release|Any CPU
	EndGlobalSection
	GlobalSection(ProjectConfigurationPlatforms) = postSolution
		{366191C1-AE82-4082-87CE-67B6662CA0AB}.Debug|Any CPU.ActiveCfg = Debug|Any CPU
		{366191C1-AE82-4082-87CE-67B6662CA0AB}.Debug|Any CPU.Build.0 = Debug|Any CPU
		{366191C1-AE82-4082-87CE-67B6662CA0AB}.Release|Any CPU.ActiveCfg = Release|Any CPU
		{366191C1-AE82-4082-87CE-67B6662CA0AB}.Release|Any CPU.Build.0 = Release|Any CPU
		{ECDC127F-8DEF-4F99-8300-72C13597339D}.Debug|Any CPU.ActiveCfg = Debug|Any CPU
		{ECDC127F-8DEF-4F99-8300-72C13597339D}.Debug|Any CPU.Build.0 = Debug|Any CPU
		{ECDC127F-8DEF-4F99-8300-72C13597339D}.Release|Any CPU.ActiveCfg = Release|Any CPU
		{ECDC127F-8DEF-4F99-8300-72C13597339D}.Release|Any CPU.Build.0 = Release|Any CPU
		{37161804-A233-4F40-BEC7-5BE51FBEF91E}.Debug|Any CPU.ActiveCfg = Debug|Any CPU
		{37161804-A233-4F40-BEC7-5BE51FBEF91E}.Debug|Any CPU.Build.0 = Debug|Any CPU
		{37161804-A233-4F40-BEC7-5BE51FBEF91E}.Release|Any CPU.ActiveCfg = Release|Any CPU
		{37161804-A233-4F40-BEC7-5BE51FBEF91E}.Release|Any CPU.Build.0 = Release|Any CPU
		{1072DDE5-BFEB-4E85-BF9F-46D1B214D596}.Debug|Any CPU.ActiveCfg = Debug|Any CPU
		{1072DDE5-BFEB-4E85-BF9F-46D1B214D596}.Debug|Any CPU.Build.0 = Debug|Any CPU
		{1072DDE5-BFEB-4E85-BF9F-46D1B214D596}.Release|Any CPU.ActiveCfg = Release|Any CPU
		{1072DDE5-BFEB-4E85-BF9F-46D1B214D596}.Release|Any CPU.Build.0 = Release|Any CPU
		{051B7CF5-93E7-4778-A132-D458A0D10133}.Debug|Any CPU.ActiveCfg = Debug|Any CPU
		{051B7CF5-93E7-4778-A132-D458A0D10133}.Debug|Any CPU.Build.0 = Debug|Any CPU
		{051B7CF5-93E7-4778-A132-D458A0D10133}.Release|Any CPU.ActiveCfg = Release|Any CPU
		{051B7CF5-93E7-4778-A132-D458A0D10133}.Release|Any CPU.Build.0 = Release|Any CPU
		{5FE9DAC5-47F5-464F-9D4C-E274871CFAFD}.Debug|Any CPU.ActiveCfg = Debug|Any CPU
		{5FE9DAC5-47F5-464F-9D4C-E274871CFAFD}.Debug|Any CPU.Build.0 = Debug|Any CPU
		{5FE9DAC5-47F5-464F-9D4C-E274871CFAFD}.Release|Any CPU.ActiveCfg = Release|Any CPU
		{5FE9DAC5-47F5-464F-9D4C-E274871CFAFD}.Release|Any CPU.Build.0 = Release|Any CPU
		{1D508147-3404-4EAE-95E4-421AB210CC18}.Debug|Any CPU.ActiveCfg = Debug|Any CPU
		{1D508147-3404-4EAE-95E4-421AB210CC18}.Debug|Any CPU.Build.0 = Debug|Any CPU
		{1D508147-3404-4EAE-95E4-421AB210CC18}.Release|Any CPU.ActiveCfg = Release|Any CPU
		{1D508147-3404-4EAE-95E4-421AB210CC18}.Release|Any CPU.Build.0 = Release|Any CPU
		{72E9392F-D4FF-40BD-B1AC-318EC1F15F72}.Debug|Any CPU.ActiveCfg = Debug|Any CPU
		{72E9392F-D4FF-40BD-B1AC-318EC1F15F72}.Debug|Any CPU.Build.0 = Debug|Any CPU
		{72E9392F-D4FF-40BD-B1AC-318EC1F15F72}.Release|Any CPU.ActiveCfg = Release|Any CPU
		{72E9392F-D4FF-40BD-B1AC-318EC1F15F72}.Release|Any CPU.Build.0 = Release|Any CPU
		{3F2AE2E1-3101-4998-BC94-8E84756BA2EF}.Debug|Any CPU.ActiveCfg = Debug|Any CPU
		{3F2AE2E1-3101-4998-BC94-8E84756BA2EF}.Debug|Any CPU.Build.0 = Debug|Any CPU
		{3F2AE2E1-3101-4998-BC94-8E84756BA2EF}.Release|Any CPU.ActiveCfg = Release|Any CPU
		{3F2AE2E1-3101-4998-BC94-8E84756BA2EF}.Release|Any CPU.Build.0 = Release|Any CPU
	EndGlobalSection
	GlobalSection(SolutionProperties) = preSolution
		HideSolutionNode = FALSE
	EndGlobalSection
	GlobalSection(ExtensibilityGlobals) = postSolution
		SolutionGuid = {17288F1A-E7B3-4FF3-905B-5C7FC9032D42}
	EndGlobalSection
EndGlobal
